
Microsoft Visual Studio Solution File, Format Version 12.00
# Visual Studio Version 16
VisualStudioVersion = 16.0.30907.101
MinimumVisualStudioVersion = 10.0.40219.1
Project("{FAE04EC0-301F-11D3-BF4B-00C04F79EFBC}") = "PostgreSQLBulkInsert", "PostgreSQLBulkInsert\PostgreSQLBulkInsert.csproj", "{9A9461EA-3D98-4D97-9185-0D59297C2A3E}"
EndProject
Global
	GlobalSection(SolutionConfigurationPlatforms) = preSolution
		Debug|Any CPU = Debug|Any CPU
		Release|Any CPU = Release|Any CPU
	EndGlobalSection
	GlobalSection(ProjectConfigurationPlatforms) = postSolution
		{9A9461EA-3D98-4D97-9185-0D59297C2A3E}.Debug|Any CPU.ActiveCfg = Debug|Any CPU
		{9A9461EA-3D98-4D97-9185-0D59297C2A3E}.Debug|Any CPU.Build.0 = Debug|Any CPU
		{9A9461EA-3D98-4D97-9185-0D59297C2A3E}.Release|Any CPU.ActiveCfg = Release|Any CPU
		{9A9461EA-3D98-4D97-9185-0D59297C2A3E}.Release|Any CPU.Build.0 = Release|Any CPU
	EndGlobalSection
	GlobalSection(SolutionProperties) = preSolution
		HideSolutionNode = FALSE
	EndGlobalSection
	GlobalSection(ExtensibilityGlobals) = postSolution
		SolutionGuid = {9906B34C-1F38-4946-A145-DFB2E61D855A}
	EndGlobalSection
EndGlobal
